
Microsoft Visual Studio Solution File, Format Version 12.00
# Visual Studio Version 16
VisualStudioVersion = 16.0.29512.175
MinimumVisualStudioVersion = 10.0.40219.1
Project("{FAE04EC0-301F-11D3-BF4B-00C04F79EFBC}") = "FrontEndApp", "FrontEndApp\FrontEndApp.csproj", "{F7ABACB6-A1BD-4ED4-A653-EA19B3473B71}"
EndProject
Global
	GlobalSection(SolutionConfigurationPlatforms) = preSolution
		Debug|Any CPU = Debug|Any CPU
		Release|Any CPU = Release|Any CPU
	EndGlobalSection
	GlobalSection(ProjectConfigurationPlatforms) = postSolution
		{F7ABACB6-A1BD-4ED4-A653-EA19B3473B71}.Debug|Any CPU.ActiveCfg = Debug|Any CPU
		{F7ABACB6-A1BD-4ED4-A653-EA19B3473B71}.Debug|Any CPU.Build.0 = Debug|Any CPU
		{F7ABACB6-A1BD-4ED4-A653-EA19B3473B71}.Release|Any CPU.ActiveCfg = Release|Any CPU
		{F7ABACB6-A1BD-4ED4-A653-EA19B3473B71}.Release|Any CPU.Build.0 = Release|Any CPU
	EndGlobalSection
	GlobalSection(SolutionProperties) = preSolution
		HideSolutionNode = FALSE
	EndGlobalSection
	GlobalSection(ExtensibilityGlobals) = postSolution
		SolutionGuid = {E4B8B45B-1DE7-4064-984D-7DC071F20040}
	EndGlobalSection
EndGlobal
